
Microsoft Visual Studio Solution File, Format Version 12.00
# Visual Studio Version 16
VisualStudioVersion = 16.0.29201.188
MinimumVisualStudioVersion = 10.0.40219.1
Project("{FAE04EC0-301F-11D3-BF4B-00C04F79EFBC}") = "HackerNewsFunctionApp", "HackerNewsFunctionApp\HackerNewsFunctionApp.csproj", "{AB6DB89C-58E5-4FD7-9285-8B2C3B8D8011}"
EndProject
Project("{FAE04EC0-301F-11D3-BF4B-00C04F79EFBC}") = "HackerNewsFunctionAppTest", "HackerNewsFunctionAppTest\HackerNewsFunctionAppTest.csproj", "{FA43B44E-3EC9-41B2-81EB-528EC9C1BF4C}"
EndProject
Project("{FAE04EC0-301F-11D3-BF4B-00C04F79EFBC}") = "HackerNewsCore", "HackerNewsCore\HackerNewsCore.csproj", "{C9955ED7-CAD7-4604-BC0D-EB342431229F}"
EndProject
Global
	GlobalSection(SolutionConfigurationPlatforms) = preSolution
		Debug|Any CPU = Debug|Any CPU
		Release|Any CPU = Release|Any CPU
	EndGlobalSection
	GlobalSection(ProjectConfigurationPlatforms) = postSolution
		{AB6DB89C-58E5-4FD7-9285-8B2C3B8D8011}.Debug|Any CPU.ActiveCfg = Debug|Any CPU
		{AB6DB89C-58E5-4FD7-9285-8B2C3B8D8011}.Debug|Any CPU.Build.0 = Debug|Any CPU
		{AB6DB89C-58E5-4FD7-9285-8B2C3B8D8011}.Release|Any CPU.ActiveCfg = Release|Any CPU
		{AB6DB89C-58E5-4FD7-9285-8B2C3B8D8011}.Release|Any CPU.Build.0 = Release|Any CPU
		{FA43B44E-3EC9-41B2-81EB-528EC9C1BF4C}.Debug|Any CPU.ActiveCfg = Debug|Any CPU
		{FA43B44E-3EC9-41B2-81EB-528EC9C1BF4C}.Debug|Any CPU.Build.0 = Debug|Any CPU
		{FA43B44E-3EC9-41B2-81EB-528EC9C1BF4C}.Release|Any CPU.ActiveCfg = Release|Any CPU
		{FA43B44E-3EC9-41B2-81EB-528EC9C1BF4C}.Release|Any CPU.Build.0 = Release|Any CPU
		{C9955ED7-CAD7-4604-BC0D-EB342431229F}.Debug|Any CPU.ActiveCfg = Debug|Any CPU
		{C9955ED7-CAD7-4604-BC0D-EB342431229F}.Debug|Any CPU.Build.0 = Debug|Any CPU
		{C9955ED7-CAD7-4604-BC0D-EB342431229F}.Release|Any CPU.ActiveCfg = Release|Any CPU
		{C9955ED7-CAD7-4604-BC0D-EB342431229F}.Release|Any CPU.Build.0 = Release|Any CPU
	EndGlobalSection
	GlobalSection(SolutionProperties) = preSolution
		HideSolutionNode = FALSE
	EndGlobalSection
	GlobalSection(ExtensibilityGlobals) = postSolution
		SolutionGuid = {B2BB6F68-C7BA-4188-9575-D723CCF20E9A}
	EndGlobalSection
EndGlobal
